// !$*UTF8*$!
{
	archiveVersion = 1;
	classes = {
	};
	objectVersion = 50;
	objects = {

/* Begin PBXBuildFile section */
		CE7699B5255FDCBA004C204A /* AudioRecorderAPPApp.swift in Sources */ = {isa = PBXBuildFile; fileRef = CE7699B4255FDCBA004C204A /* AudioRecorderAPPApp.swift */; };
		CE7699B7255FDCBA004C204A /* ContentView.swift in Sources */ = {isa = PBXBuildFile; fileRef = CE7699B6255FDCBA004C204A /* ContentView.swift */; };
		CE7699B9255FDCBE004C204A /* Assets.xcassets in Resources */ = {isa = PBXBuildFile; fileRef = CE7699B8255FDCBE004C204A /* Assets.xcassets */; };
		CE7699BC255FDCBE004C204A /* Preview Assets.xcassets in Resources */ = {isa = PBXBuildFile; fileRef = CE7699BB255FDCBE004C204A /* Preview Assets.xcassets */; };
		CE7699C5255FDD01004C204A /* AudioPlayer.swift in Sources */ = {isa = PBXBuildFile; fileRef = CE7699C4255FDD01004C204A /* AudioPlayer.swift */; };
		CE7699C8255FDD17004C204A /* AudioRecorder.swift in Sources */ = {isa = PBXBuildFile; fileRef = CE7699C7255FDD17004C204A /* AudioRecorder.swift */; };
		CE7699CB255FDD25004C204A /* Extension.swift in Sources */ = {isa = PBXBuildFile; fileRef = CE7699CA255FDD25004C204A /* Extension.swift */; };
		CE7699CE255FDD2C004C204A /* Helper.swift in Sources */ = {isa = PBXBuildFile; fileRef = CE7699CD255FDD2C004C204A /* Helper.swift */; };
		CE7699D1255FDD37004C204A /* RecordingDataModel.swift in Sources */ = {isa = PBXBuildFile; fileRef = CE7699D0255FDD37004C204A /* RecordingDataModel.swift */; };
		CE7699D4255FDD42004C204A /* RecordingList.swift in Sources */ = {isa = PBXBuildFile; fileRef = CE7699D3255FDD42004C204A /* RecordingList.swift */; };
/* End PBXBuildFile section */

/* Begin PBXFileReference section */
		CE7699B1255FDCBA004C204A /* AudioRecorderAPP.app */ = {isa = PBXFileReference; explicitFileType = wrapper.application; includeInIndex = 0; path = AudioRecorderAPP.app; sourceTree = BUILT_PRODUCTS_DIR; };
		CE7699B4255FDCBA004C204A /* AudioRecorderAPPApp.swift */ = {isa = PBXFileReference; lastKnownFileType = sourcecode.swift; path = AudioRecorderAPPApp.swift; sourceTree = "<group>"; };
		CE7699B6255FDCBA004C204A /* ContentView.swift */ = {isa = PBXFileReference; lastKnownFileType = sourcecode.swift; path = ContentView.swift; sourceTree = "<group>"; };
		CE7699B8255FDCBE004C204A /* Assets.xcassets */ = {isa = PBXFileReference; lastKnownFileType = folder.assetcatalog; path = Assets.xcassets; sourceTree = "<group>"; };
		CE7699BB255FDCBE004C204A /* Preview Assets.xcassets */ = {isa = PBXFileReference; lastKnownFileType = folder.assetcatalog; path = "Preview Assets.xcassets"; sourceTree = "<group>"; };
		CE7699BD255FDCBE004C204A /* Info.plist */ = {isa = PBXFileReference; lastKnownFileType = text.plist.xml; path = Info.plist; sourceTree = "<group>"; };
		CE7699C4255FDD01004C204A /* AudioPlayer.swift */ = {isa = PBXFileReference; lastKnownFileType = sourcecode.swift; path = AudioPlayer.swift; sourceTree = "<group>"; };
		CE7699C7255FDD17004C204A /* AudioRecorder.swift */ = {isa = PBXFileReference; lastKnownFileType = sourcecode.swift; path = AudioRecorder.swift; sourceTree = "<group>"; };
		CE7699CA255FDD25004C204A /* Extension.swift */ = {isa = PBXFileReference; lastKnownFileType = sourcecode.swift; path = Extension.swift; sourceTree = "<group>"; };
		CE7699CD255FDD2C004C204A /* Helper.swift */ = {isa = PBXFileReference; lastKnownFileType = sourcecode.swift; path = Helper.swift; sourceTree = "<group>"; };
		CE7699D0255FDD37004C204A /* RecordingDataModel.swift */ = {isa = PBXFileReference; lastKnownFileType = sourcecode.swift; path = RecordingDataModel.swift; sourceTree = "<group>"; };
		CE7699D3255FDD42004C204A /* RecordingList.swift */ = {isa = PBXFileReference; lastKnownFileType = sourcecode.swift; path = RecordingList.swift; sourceTree = "<group>"; };
/* End PBXFileReference section */

/* Begin PBXFrameworksBuildPhase section */
		CE7699AE255FDCBA004C204A /* Frameworks */ = {
			isa = PBXFrameworksBuildPhase;
			buildActionMask = 2147483647;
			files = (
			);
			runOnlyForDeploymentPostprocessing = 0;
		};
/* End PBXFrameworksBuildPhase section */

/* Begin PBXGroup section */
		CE7699A8255FDCBA004C204A = {
			isa = PBXGroup;
			children = (
				CE7699B3255FDCBA004C204A /* AudioRecorderAPP */,
				CE7699B2255FDCBA004C204A /* Products */,
			);
			sourceTree = "<group>";
		};
		CE7699B2255FDCBA004C204A /* Products */ = {
			isa = PBXGroup;
			children = (
				CE7699B1255FDCBA004C204A /* AudioRecorderAPP.app */,
			);
			name = Products;
			sourceTree = "<group>";
		};
		CE7699B3255FDCBA004C204A /* AudioRecorderAPP */ = {
			isa = PBXGroup;
			children = (
				CE7699B4255FDCBA004C204A /* AudioRecorderAPPApp.swift */,
				CE7699B6255FDCBA004C204A /* ContentView.swift */,
				CE7699C4255FDD01004C204A /* AudioPlayer.swift */,
				CE7699C7255FDD17004C204A /* AudioRecorder.swift */,
				CE7699CA255FDD25004C204A /* Extension.swift */,
				CE7699CD255FDD2C004C204A /* Helper.swift */,
				CE7699D0255FDD37004C204A /* RecordingDataModel.swift */,
				CE7699D3255FDD42004C204A /* RecordingList.swift */,
				CE7699B8255FDCBE004C204A /* Assets.xcassets */,
				CE7699BD255FDCBE004C204A /* Info.plist */,
				CE7699BA255FDCBE004C204A /* Preview Content */,
			);
			path = AudioRecorderAPP;
			sourceTree = "<group>";
		};
		CE7699BA255FDCBE004C204A /* Preview Content */ = {
			isa = PBXGroup;
			children = (
				CE7699BB255FDCBE004C204A /* Preview Assets.xcassets */,
			);
			path = "Preview Content";
			sourceTree = "<group>";
		};
/* End PBXGroup section */

/* Begin PBXNativeTarget section */
		CE7699B0255FDCBA004C204A /* AudioRecorderAPP */ = {
			isa = PBXNativeTarget;
			buildConfigurationList = CE7699C0255FDCBE004C204A /* Build configuration list for PBXNativeTarget "AudioRecorderAPP" */;
			buildPhases = (
				CE7699AD255FDCBA004C204A /* Sources */,
				CE7699AE255FDCBA004C204A /* Frameworks */,
				CE7699AF255FDCBA004C204A /* Resources */,
			);
			buildRules = (
			);
			dependencies = (
			);
			name = AudioRecorderAPP;
			productName = AudioRecorderAPP;
			productReference = CE7699B1255FDCBA004C204A /* AudioRecorderAPP.app */;
			productType = "com.apple.product-type.application";
		};
/* End PBXNativeTarget section */

/* Begin PBXProject section */
		CE7699A9255FDCBA004C204A /* Project object */ = {
			isa = PBXProject;
			attributes = {
				LastSwiftUpdateCheck = 1210;
				LastUpgradeCheck = 1210;
				TargetAttributes = {
					CE7699B0255FDCBA004C204A = {
						CreatedOnToolsVersion = 12.1;
					};
				};
			};
			buildConfigurationList = CE7699AC255FDCBA004C204A /* Build configuration list for PBXProject "AudioRecorderAPP" */;
			compatibilityVersion = "Xcode 9.3";
			developmentRegion = en;
			hasScannedForEncodings = 0;
			knownRegions = (
				en,
				Base,
			);
			mainGroup = CE7699A8255FDCBA004C204A;
			productRefGroup = CE7699B2255FDCBA004C204A /* Products */;
			projectDirPath = "";
			projectRoot = "";
			targets = (
				CE7699B0255FDCBA004C204A /* AudioRecorderAPP */,
			);
		};
/* End PBXProject section */

/* Begin PBXResourcesBuildPhase section */
		CE7699AF255FDCBA004C204A /* Resources */ = {
			isa = PBXResourcesBuildPhase;
			buildActionMask = 2147483647;
			files = (
				CE7699BC255FDCBE004C204A /* Preview Assets.xcassets in Resources */,
				CE7699B9255FDCBE004C204A /* Assets.xcassets in Resources */,
			);
			runOnlyForDeploymentPostprocessing = 0;
		};
/* End PBXResourcesBuildPhase section */

/* Begin PBXSourcesBuildPhase section */
		CE7699AD255FDCBA004C204A /* Sources */ = {
			isa = PBXSourcesBuildPhase;
			buildActionMask = 2147483647;
			files = (
				CE7699CB255FDD25004C204A /* Extension.swift in Sources */,
				CE7699B7255FDCBA004C204A /* ContentView.swift in Sources */,
				CE7699D1255FDD37004C204A /* RecordingDataModel.swift in Sources */,
				CE7699B5255FDCBA004C204A /* AudioRecorderAPPApp.swift in Sources */,
				CE7699C8255FDD17004C204A /* AudioRecorder.swift in Sources */,
				CE7699C5255FDD01004C204A /* AudioPlayer.swift in Sources */,
				CE7699CE255FDD2C004C204A /* Helper.swift in Sources */,
				CE7699D4255FDD42004C204A /* RecordingList.swift in Sources */,
			);
			runOnlyForDeploymentPostprocessing = 0;
		};
/* End PBXSourcesBuildPhase section */

/* Begin XCBuildConfiguration section */
		CE7699BE255FDCBE004C204A /* Debug */ = {
			isa = XCBuildConfiguration;
			buildSettings = {
				ALWAYS_SEARCH_USER_PATHS = NO;
				CLANG_ANALYZER_NONNULL = YES;
				CLANG_ANALYZER_NUMBER_OBJECT_CONVERSION = YES_AGGRESSIVE;
				CLANG_CXX_LANGUAGE_STANDARD = "gnu++14";
				CLANG_CXX_LIBRARY = "libc++";
				CLANG_ENABLE_MODULES = YES;
				CLANG_ENABLE_OBJC_ARC = YES;
				CLANG_ENABLE_OBJC_WEAK = YES;
				CLANG_WARN_BLOCK_CAPTURE_AUTORELEASING = YES;
				CLANG_WARN_BOOL_CONVERSION = YES;
				CLANG_WARN_COMMA = YES;
				CLANG_WARN_CONSTANT_CONVERSION = YES;
				CLANG_WARN_DEPRECATED_OBJC_IMPLEMENTATIONS = YES;
				CLANG_WARN_DIRECT_OBJC_ISA_USAGE = YES_ERROR;
				CLANG_WARN_DOCUMENTATION_COMMENTS = YES;
				CLANG_WARN_EMPTY_BODY = YES;
				CLANG_WARN_ENUM_CONVERSION = YES;
				CLANG_WARN_INFINITE_RECURSION = YES;
				CLANG_WARN_INT_CONVERSION = YES;
				CLANG_WARN_NON_LITERAL_NULL_CONVERSION = YES;
				CLANG_WARN_OBJC_IMPLICIT_RETAIN_SELF = YES;
				CLANG_WARN_OBJC_LITERAL_CONVERSION = YES;
				CLANG_WARN_OBJC_ROOT_CLASS = YES_ERROR;
				CLANG_WARN_QUOTED_INCLUDE_IN_FRAMEWORK_HEADER = YES;
				CLANG_WARN_RANGE_LOOP_ANALYSIS = YES;
				CLANG_WARN_STRICT_PROTOTYPES = YES;
				CLANG_WARN_SUSPICIOUS_MOVE = YES;
				CLANG_WARN_UNGUARDED_AVAILABILITY = YES_AGGRESSIVE;
				CLANG_WARN_UNREACHABLE_CODE = YES;
				CLANG_WARN__DUPLICATE_METHOD_MATCH = YES;
				COPY_PHASE_STRIP = NO;
				DEBUG_INFORMATION_FORMAT = dwarf;
				ENABLE_STRICT_OBJC_MSGSEND = YES;
				ENABLE_TESTABILITY = YES;
				GCC_C_LANGUAGE_STANDARD = gnu11;
				GCC_DYNAMIC_NO_PIC = NO;
				GCC_NO_COMMON_BLOCKS = YES;
				GCC_OPTIMIZATION_LEVEL = 0;
				GCC_PREPROCESSOR_DEFINITIONS = (
					"DEBUG=1",
					"$(inherited)",
				);
				GCC_WARN_64_TO_32_BIT_CONVERSION = YES;
				GCC_WARN_ABOUT_RETURN_TYPE = YES_ERROR;
				GCC_WARN_UNDECLARED_SELECTOR = YES;
				GCC_WARN_UNINITIALIZED_AUTOS = YES_AGGRESSIVE;
				GCC_WARN_UNUSED_FUNCTION = YES;
				GCC_WARN_UNUSED_VARIABLE = YES;
				IPHONEOS_DEPLOYMENT_TARGET = 14.1;
				MTL_ENABLE_DEBUG_INFO = INCLUDE_SOURCE;
				MTL_FAST_MATH = YES;
				ONLY_ACTIVE_ARCH = YES;
				SDKROOT = iphoneos;
				SWIFT_ACTIVE_COMPILATION_CONDITIONS = DEBUG;
				SWIFT_OPTIMIZATION_LEVEL = "-Onone";
			};
			name = Debug;
		};
		CE7699BF255FDCBE004C204A /* Release */ = {
			isa = XCBuildConfiguration;
			buildSettings = {
				ALWAYS_SEARCH_USER_PATHS = NO;
				CLANG_ANALYZER_NONNULL = YES;
				CLANG_ANALYZER_NUMBER_OBJECT_CONVERSION = YES_AGGRESSIVE;
				CLANG_CXX_LANGUAGE_STANDARD = "gnu++14";
				CLANG_CXX_LIBRARY = "libc++";
				CLANG_ENABLE_MODULES = YES;
				CLANG_ENABLE_OBJC_ARC = YES;
				CLANG_ENABLE_OBJC_WEAK = YES;
				CLANG_WARN_BLOCK_CAPTURE_AUTORELEASING = YES;
				CLANG_WARN_BOOL_CONVERSION = YES;
				CLANG_WARN_COMMA = YES;
				CLANG_WARN_CONSTANT_CONVERSION = YES;
				CLANG_WARN_DEPRECATED_OBJC_IMPLEMENTATIONS = YES;
				CLANG_WARN_DIRECT_OBJC_ISA_USAGE = YES_ERROR;
				CLANG_WARN_DOCUMENTATION_COMMENTS = YES;
				CLANG_WARN_EMPTY_BODY = YES;
				CLANG_WARN_ENUM_CONVERSION = YES;
				CLANG_WARN_INFINITE_RECURSION = YES;
				CLANG_WARN_INT_CONVERSION = YES;
				CLANG_WARN_NON_LITERAL_NULL_CONVERSION = YES;
				CLANG_WARN_OBJC_IMPLICIT_RETAIN_SELF = YES;
				CLANG_WARN_OBJC_LITERAL_CONVERSION = YES;
				CLANG_WARN_OBJC_ROOT_CLASS = YES_ERROR;
				CLANG_WARN_QUOTED_INCLUDE_IN_FRAMEWORK_HEADER = YES;
				CLANG_WARN_RANGE_LOOP_ANALYSIS = YES;
				CLANG_WARN_STRICT_PROTOTYPES = YES;
				CLANG_WARN_SUSPICIOUS_MOVE = YES;
				CLANG_WARN_UNGUARDED_AVAILABILITY = YES_AGGRESSIVE;
				CLANG_WARN_UNREACHABLE_CODE = YES;
				CLANG_WARN__DUPLICATE_METHOD_MATCH = YES;
				COPY_PHASE_STRIP = NO;
				DEBUG_INFORMATION_FORMAT = "dwarf-with-dsym";
				ENABLE_NS_ASSERTIONS = NO;
				ENABLE_STRICT_OBJC_MSGSEND = YES;
				GCC_C_LANGUAGE_STANDARD = gnu11;
				GCC_NO_COMMON_BLOCKS = YES;
				GCC_WARN_64_TO_32_BIT_CONVERSION = YES;
				GCC_WARN_ABOUT_RETURN_TYPE = YES_ERROR;
				GCC_WARN_UNDECLARED_SELECTOR = YES;
				GCC_WARN_UNINITIALIZED_AUTOS = YES_AGGRESSIVE;
				GCC_WARN_UNUSED_FUNCTION = YES;
				GCC_WARN_UNUSED_VARIABLE = YES;
				IPHONEOS_DEPLOYMENT_TARGET = 14.1;
				MTL_ENABLE_DEBUG_INFO = NO;
				MTL_FAST_MATH = YES;
				SDKROOT = iphoneos;
				SWIFT_COMPILATION_MODE = wholemodule;
				SWIFT_OPTIMIZATION_LEVEL = "-O";
				VALIDATE_PRODUCT = YES;
			};
			name = Release;
		};
		CE7699C1255FDCBE004C204A /* Debug */ = {
			isa = XCBuildConfiguration;
			buildSettings = {
				ASSETCATALOG_COMPILER_APPICON_NAME = AppIcon;
				ASSETCATALOG_COMPILER_GLOBAL_ACCENT_COLOR_NAME = AccentColor;
				CODE_SIGN_STYLE = Automatic;
				DEVELOPMENT_ASSET_PATHS = "\"AudioRecorderAPP/Preview Content\"";
				DEVELOPMENT_TEAM = D453TST7T9;
				ENABLE_PREVIEWS = YES;
				INFOPLIST_FILE = AudioRecorderAPP/Info.plist;
				IPHONEOS_DEPLOYMENT_TARGET = 14.0;
				LD_RUNPATH_SEARCH_PATHS = (
					"$(inherited)",
					"@executable_path/Frameworks",
				);
				PRODUCT_BUNDLE_IDENTIFIER = PressTapGameAPP.AudioRecorderAPP;
				PRODUCT_NAME = "$(TARGET_NAME)";
				SWIFT_VERSION = 5.0;
				TARGETED_DEVICE_FAMILY = "1,2";
			};
			name = Debug;
		};
		CE7699C2255FDCBE004C204A /* Release */ = {
			isa = XCBuildConfiguration;
			buildSettings = {
				ASSETCATALOG_COMPILER_APPICON_NAME = AppIcon;
				ASSETCATALOG_COMPILER_GLOBAL_ACCENT_COLOR_NAME = AccentColor;
				CODE_SIGN_STYLE = Automatic;
				DEVELOPMENT_ASSET_PATHS = "\"AudioRecorderAPP/Preview Content\"";
				DEVELOPMENT_TEAM = D453TST7T9;
				ENABLE_PREVIEWS = YES;
				INFOPLIST_FILE = AudioRecorderAPP/Info.plist;
				IPHONEOS_DEPLOYMENT_TARGET = 14.0;
				LD_RUNPATH_SEARCH_PATHS = (
					"$(inherited)",
					"@executable_path/Frameworks",
				);
				PRODUCT_BUNDLE_IDENTIFIER = PressTapGameAPP.AudioRecorderAPP;
				PRODUCT_NAME = "$(TARGET_NAME)";
				SWIFT_VERSION = 5.0;
				TARGETED_DEVICE_FAMILY = "1,2";
			};
			name = Release;
		};
/* End XCBuildConfiguration section */

/* Begin XCConfigurationList section */
		CE7699AC255FDCBA004C204A /* Build configuration list for PBXProject "AudioRecorderAPP" */ = {
			isa = XCConfigurationList;
			buildConfigurations = (
				CE7699BE255FDCBE004C204A /* Debug */,
				CE7699BF255FDCBE004C204A /* Release */,
			);
			defaultConfigurationIsVisible = 0;
			defaultConfigurationName = Release;
		};
		CE7699C0255FDCBE004C204A /* Build configuration list for PBXNativeTarget "AudioRecorderAPP" */ = {
			isa = XCConfigurationList;
			buildConfigurations = (
				CE7699C1255FDCBE004C204A /* Debug */,
				CE7699C2255FDCBE004C204A /* Release */,
			);
			defaultConfigurationIsVisible = 0;
			defaultConfigurationName = Release;
		};
/* End XCConfigurationList section */
	};
	rootObject = CE7699A9255FDCBA004C204A /* Project object */;
}
